
Microsoft Visual Studio Solution File, Format Version 12.00
# Visual Studio Version 17
VisualStudioVersion = 17.2.32516.85
MinimumVisualStudioVersion = 10.0.40219.1
Project("{9A19103F-16F7-4668-BE54-9A1E7A4F7556}") = "Asansör uygulaması Button", "WinFormsApp5\Asansör uygulaması Button.csproj", "{A537D582-D2D6-4D3B-BBEE-2BC2096577E2}"
EndProject
Global
	GlobalSection(SolutionConfigurationPlatforms) = preSolution
		Debug|Any CPU = Debug|Any CPU
		Release|Any CPU = Release|Any CPU
	EndGlobalSection
	GlobalSection(ProjectConfigurationPlatforms) = postSolution
		{A537D582-D2D6-4D3B-BBEE-2BC2096577E2}.Debug|Any CPU.ActiveCfg = Debug|Any CPU
		{A537D582-D2D6-4D3B-BBEE-2BC2096577E2}.Debug|Any CPU.Build.0 = Debug|Any CPU
		{A537D582-D2D6-4D3B-BBEE-2BC2096577E2}.Release|Any CPU.ActiveCfg = Release|Any CPU
		{A537D582-D2D6-4D3B-BBEE-2BC2096577E2}.Release|Any CPU.Build.0 = Release|Any CPU
	EndGlobalSection
	GlobalSection(SolutionProperties) = preSolution
		HideSolutionNode = FALSE
	EndGlobalSection
	GlobalSection(ExtensibilityGlobals) = postSolution
		SolutionGuid = {D2C5CC91-4882-4819-BF3A-9F19CEDA6649}
	EndGlobalSection
EndGlobal
